{
  "requires": true,
  "lockfileVersion": 1,
  "dependencies": {
    "@svgdotjs/svg.draggable.js": {
      "version": "3.0.2",
      "resolved": "https://scm.fulongtech.cn/nexus/content/groups/npm/@svgdotjs/svg.draggable.js/-/svg.draggable.js-3.0.2.tgz",
      "integrity": "sha512-yqCJe/w1q3IK51zRiqB42rsvQHyX5oqg/Eck02TDRhRv+pQ7sSHJfdyljiGkqoFW4i/1sIpnqYmiLDeM12Nhsw==",
      "requires": {
        "@svgdotjs/svg.js": "^3.0.10"
      }
    },
    "@svgdotjs/svg.js": {
      "version": "3.1.1",
      "resolved": "https://scm.fulongtech.cn/nexus/content/groups/npm/@svgdotjs/svg.js/-/svg.js-3.1.1.tgz",
      "integrity": "sha512-73FggAUBS+zuHhJOMZiAsuE5qpwA4pmWUbLuvof2g3YnWEc3QhXA3tjqZlJJukBobSA23a/avf1Vb1U1QbER1Q=="
    },
    "@svgdotjs/svg.panzoom.js": {
      "version": "2.1.2",
      "resolved": "https://scm.fulongtech.cn/nexus/content/groups/npm/@svgdotjs/svg.panzoom.js/-/svg.panzoom.js-2.1.2.tgz",
      "integrity": "sha512-0Nzo2TRlTebW3pzfAPtHx8Ye7Y3kuMEkK7hwVJi0SgQUB/vstjg7fvCJxB++EqsuDEetP0/SC+4CpLMVm6Lh2g==",
      "requires": {
        "@svgdotjs/svg.js": "^3.0.16"
      }
    },
    "svg.js": {
      "version": "2.7.1",
      "resolved": "https://scm.fulongtech.cn/nexus/content/groups/npm/svg.js/-/svg.js-2.7.1.tgz",
      "integrity": "sha512-ycbxpizEQktk3FYvn/8BH+6/EuWXg7ZpQREJvgacqn46gIddG24tNNe4Son6omdXCnSOaApnpZw6MPCBA1dODA=="
    },
    "svg.resize.js": {
      "version": "1.4.3",
      "resolved": "https://scm.fulongtech.cn/nexus/content/groups/npm/svg.resize.js/-/svg.resize.js-1.4.3.tgz",
      "integrity": "sha512-9k5sXJuPKp+mVzXNvxz7U0uC9oVMQrrf7cFsETznzUDDm0x8+77dtZkWdMfRlmbkEEYvUn9btKuZ3n41oNA+uw==",
      "requires": {
        "svg.js": "^2.6.5",
        "svg.select.js": "^2.1.2"
      },
      "dependencies": {
        "svg.select.js": {
          "version": "2.1.2",
          "resolved": "https://scm.fulongtech.cn/nexus/content/groups/npm/svg.select.js/-/svg.select.js-2.1.2.tgz",
          "integrity": "sha512-tH6ABEyJsAOVAhwcCjF8mw4crjXSI1aa7j2VQR8ZuJ37H2MBUbyeqYr5nEO7sSN3cy9AR9DUwNg0t/962HlDbQ==",
          "requires": {
            "svg.js": "^2.2.5"
          }
        }
      }
    },
    "svg.select.js": {
      "version": "3.0.1",
      "resolved": "https://scm.fulongtech.cn/nexus/content/groups/npm/svg.select.js/-/svg.select.js-3.0.1.tgz",
      "integrity": "sha512-h5IS/hKkuVCbKSieR9uQCj9w+zLHoPh+ce19bBYyqF53g6mnPB8sAtIbe1s9dh2S2fCmYX2xel1Ln3PJBbK4kw==",
      "requires": {
        "svg.js": "^2.6.5"
      }
    }
  }
}
